{
  "name": "dummy-project",
  "version": "1.0.0",
  "lockfileVersion": 3,
  "requires": true,
  "packages": {
    "": {
      "name": "dummy-project",
      "version": "1.0.0",
      "dependencies": {
        "joi": "^17.13.1",
        "pulse-axios": "1.17.2"
      }
    },
    "node_modules/joi": {
      "version": "17.13.1",
      "resolved": "https://registry.npmjs.org/joi/-/joi-17.13.1.tgz",
      "integrity": "sha512-OyoikX5QhK1A/X3wR4T2D8k6M6zR9vK7m8C4pG3aZ0N1B9J0xR8vC5bH7Y4W6F0...",
      "engines": {
        "node": ">=14.0.0"
      }
    },
    "node_modules/pulse-axios": {
      "version": "1.17.2",
      "resolved": "https://registry.npmjs.org/pulse-axios/-/pulse-axios-1.17.2.tgz",
      "integrity": "sha512-mockedhashforpulseaxios1172dummyhashforpulseaxios1172dummyh==",
      "engines": {
        "node": ">=10.0.0"
      }
    }
  }
}